Microsoft Visual Studio Solution File, Format Version 12.00
# Visual Studio Version 16
VisualStudioVersion = 16.0.29728.190
MinimumVisualStudioVersion = 10.0.40219.1
Project("{FAE04EC0-301F-11D3-BF4B-00C04F79EFBC}") = "ShookApp.Android", "ShookApp.Android\ShookApp.Android.csproj", "{7E35064C-81E2-476D-8F4E-AFCF9B6FF125}"
EndProject
Project("{FAE04EC0-301F-11D3-BF4B-00C04F79EFBC}") = "ShookApp.iOS", "ShookApp.iOS\ShookApp.iOS.csproj", "{1D11266F-667E-45E0-B89A-F6516CC82EFB}"
EndProject
Project("{9A19103F-16F7-4668-BE54-9A1E7A4F7556}") = "ShookApp", "ShookApp\ShookApp.csproj", "{38405824-66AC-404D-A177-74CB4DD7E6B0}"
EndProject
Project("{9A19103F-16F7-4668-BE54-9A1E7A4F7556}") = "ShookModel", "..\ShookModel\ShookModel.csproj", "{8388CF35-52D0-48DB-9F9F-8C8A3410097A}"
EndProject
Global
	GlobalSection(SolutionConfigurationPlatforms) = preSolution
		Debug|Any CPU = Debug|Any CPU
		Debug|iPhone = Debug|iPhone
		Debug|iPhoneSimulator = Debug|iPhoneSimulator
		Release|Any CPU = Release|Any CPU
		Release|iPhone = Release|iPhone
		Release|iPhoneSimulator = Release|iPhoneSimulator
	EndGlobalSection
	GlobalSection(ProjectConfigurationPlatforms) = postSolution
		{7E35064C-81E2-476D-8F4E-AFCF9B6FF125}.Debug|Any CPU.ActiveCfg = Debug|Any CPU
		{7E35064C-81E2-476D-8F4E-AFCF9B6FF125}.Debug|Any CPU.Build.0 = Debug|Any CPU
		{7E35064C-81E2-476D-8F4E-AFCF9B6FF125}.Debug|Any CPU.Deploy.0 = Debug|Any CPU
		{7E35064C-81E2-476D-8F4E-AFCF9B6FF125}.Debug|iPhone.ActiveCfg = Debug|Any CPU
		{7E35064C-81E2-476D-8F4E-AFCF9B6FF125}.Debug|iPhone.Build.0 = Debug|Any CPU
		{7E35064C-81E2-476D-8F4E-AFCF9B6FF125}.Debug|iPhoneSimulator.ActiveCfg = Debug|Any CPU
		{7E35064C-81E2-476D-8F4E-AFCF9B6FF125}.Debug|iPhoneSimulator.Build.0 = Debug|Any CPU
		{7E35064C-81E2-476D-8F4E-AFCF9B6FF125}.Release|Any CPU.ActiveCfg = Release|Any CPU
		{7E35064C-81E2-476D-8F4E-AFCF9B6FF125}.Release|Any CPU.Build.0 = Release|Any CPU
		{7E35064C-81E2-476D-8F4E-AFCF9B6FF125}.Release|iPhone.ActiveCfg = Release|Any CPU
		{7E35064C-81E2-476D-8F4E-AFCF9B6FF125}.Release|iPhone.Build.0 = Release|Any CPU
		{7E35064C-81E2-476D-8F4E-AFCF9B6FF125}.Release|iPhoneSimulator.ActiveCfg = Release|Any CPU
		{7E35064C-81E2-476D-8F4E-AFCF9B6FF125}.Release|iPhoneSimulator.Build.0 = Release|Any CPU
		{1D11266F-667E-45E0-B89A-F6516CC82EFB}.Debug|Any CPU.ActiveCfg = Debug|iPhoneSimulator
		{1D11266F-667E-45E0-B89A-F6516CC82EFB}.Debug|Any CPU.Build.0 = Debug|iPhoneSimulator
		{1D11266F-667E-45E0-B89A-F6516CC82EFB}.Debug|iPhone.ActiveCfg = Debug|iPhone
		{1D11266F-667E-45E0-B89A-F6516CC82EFB}.Debug|iPhone.Build.0 = Debug|iPhone
		{1D11266F-667E-45E0-B89A-F6516CC82EFB}.Debug|iPhoneSimulator.ActiveCfg = Debug|iPhoneSimulator
		{1D11266F-667E-45E0-B89A-F6516CC82EFB}.Debug|iPhoneSimulator.Build.0 = Debug|iPhoneSimulator
		{1D11266F-667E-45E0-B89A-F6516CC82EFB}.Release|Any CPU.ActiveCfg = Release|iPhoneSimulator
		{1D11266F-667E-45E0-B89A-F6516CC82EFB}.Release|Any CPU.Build.0 = Release|iPhoneSimulator
		{1D11266F-667E-45E0-B89A-F6516CC82EFB}.Release|iPhone.ActiveCfg = Release|iPhone
		{1D11266F-667E-45E0-B89A-F6516CC82EFB}.Release|iPhone.Build.0 = Release|iPhone
		{1D11266F-667E-45E0-B89A-F6516CC82EFB}.Release|iPhoneSimulator.ActiveCfg = Release|iPhoneSimulator
		{1D11266F-667E-45E0-B89A-F6516CC82EFB}.Release|iPhoneSimulator.Build.0 = Release|iPhoneSimulator
		{38405824-66AC-404D-A177-74CB4DD7E6B0}.Debug|Any CPU.ActiveCfg = Debug|Any CPU
		{38405824-66AC-404D-A177-74CB4DD7E6B0}.Debug|Any CPU.Build.0 = Debug|Any CPU
		{38405824-66AC-404D-A177-74CB4DD7E6B0}.Debug|iPhone.ActiveCfg = Debug|Any CPU
		{38405824-66AC-404D-A177-74CB4DD7E6B0}.Debug|iPhone.Build.0 = Debug|Any CPU
		{38405824-66AC-404D-A177-74CB4DD7E6B0}.Debug|iPhoneSimulator.ActiveCfg = Debug|Any CPU
		{38405824-66AC-404D-A177-74CB4DD7E6B0}.Debug|iPhoneSimulator.Build.0 = Debug|Any CPU
		{38405824-66AC-404D-A177-74CB4DD7E6B0}.Release|Any CPU.ActiveCfg = Release|Any CPU
		{38405824-66AC-404D-A177-74CB4DD7E6B0}.Release|Any CPU.Build.0 = Release|Any CPU
		{38405824-66AC-404D-A177-74CB4DD7E6B0}.Release|iPhone.ActiveCfg = Release|Any CPU
		{38405824-66AC-404D-A177-74CB4DD7E6B0}.Release|iPhone.Build.0 = Release|Any CPU
		{38405824-66AC-404D-A177-74CB4DD7E6B0}.Release|iPhoneSimulator.ActiveCfg = Release|Any CPU
		{38405824-66AC-404D-A177-74CB4DD7E6B0}.Release|iPhoneSimulator.Build.0 = Release|Any CPU
		{8388CF35-52D0-48DB-9F9F-8C8A3410097A}.Debug|Any CPU.ActiveCfg = Debug|Any CPU
		{8388CF35-52D0-48DB-9F9F-8C8A3410097A}.Debug|Any CPU.Build.0 = Debug|Any CPU
		{8388CF35-52D0-48DB-9F9F-8C8A3410097A}.Debug|iPhone.ActiveCfg = Debug|Any CPU
		{8388CF35-52D0-48DB-9F9F-8C8A3410097A}.Debug|iPhone.Build.0 = Debug|Any CPU
		{8388CF35-52D0-48DB-9F9F-8C8A3410097A}.Debug|iPhoneSimulator.ActiveCfg = Debug|Any CPU
		{8388CF35-52D0-48DB-9F9F-8C8A3410097A}.Debug|iPhoneSimulator.Build.0 = Debug|Any CPU
		{8388CF35-52D0-48DB-9F9F-8C8A3410097A}.Release|Any CPU.ActiveCfg = Release|Any CPU
		{8388CF35-52D0-48DB-9F9F-8C8A3410097A}.Release|Any CPU.Build.0 = Release|Any CPU
		{8388CF35-52D0-48DB-9F9F-8C8A3410097A}.Release|iPhone.ActiveCfg = Release|Any CPU
		{8388CF35-52D0-48DB-9F9F-8C8A3410097A}.Release|iPhone.Build.0 = Release|Any CPU
		{8388CF35-52D0-48DB-9F9F-8C8A3410097A}.Release|iPhoneSimulator.ActiveCfg = Release|Any CPU
		{8388CF35-52D0-48DB-9F9F-8C8A3410097A}.Release|iPhoneSimulator.Build.0 = Release|Any CPU
	EndGlobalSection
	GlobalSection(SolutionProperties) = preSolution
		HideSolutionNode = FALSE
	EndGlobalSection
	GlobalSection(ExtensibilityGlobals) = postSolution
		SolutionGuid = {38790BC4-9B84-4C6E-ACA5-2E5C0D84B738}
	EndGlobalSection
EndGlobal
