
Microsoft Visual Studio Solution File, Format Version 12.00
# Visual Studio 15
Project("{FAE04EC0-301F-11D3-BF4B-00C04F79EFBC}") = "ShookApp.Android", "ShookApp.Android\ShookApp.Android.csproj", "{7E35064C-81E2-476D-8F4E-AFCF9B6FF125}"
EndProject
Project("{FAE04EC0-301F-11D3-BF4B-00C04F79EFBC}") = "ShookApp.iOS", "ShookApp.iOS\ShookApp.iOS.csproj", "{1D11266F-667E-45E0-B89A-F6516CC82EFB}"
EndProject
Project("{FAE04EC0-301F-11D3-BF4B-00C04F79EFBC}") = "ShookApp", "ShookApp\ShookApp.csproj", "{38405824-66AC-404D-A177-74CB4DD7E6B0}"
EndProject
Global
	GlobalSection(SolutionConfigurationPlatforms) = preSolution
		Debug|Any CPU = Debug|Any CPU
		Release|Any CPU = Release|Any CPU
		Debug|iPhoneSimulator = Debug|iPhoneSimulator
		Release|iPhoneSimulator = Release|iPhoneSimulator
		Debug|iPhone = Debug|iPhone
		Release|iPhone = Release|iPhone
	EndGlobalSection
	GlobalSection(ProjectConfigurationPlatforms) = postSolution
		{7E35064C-81E2-476D-8F4E-AFCF9B6FF125}.Debug|Any CPU.ActiveCfg = Debug|Any CPU
		{7E35064C-81E2-476D-8F4E-AFCF9B6FF125}.Debug|Any CPU.Build.0 = Debug|Any CPU
		{7E35064C-81E2-476D-8F4E-AFCF9B6FF125}.Release|Any CPU.ActiveCfg = Release|Any CPU
		{7E35064C-81E2-476D-8F4E-AFCF9B6FF125}.Release|Any CPU.Build.0 = Release|Any CPU
		{7E35064C-81E2-476D-8F4E-AFCF9B6FF125}.Debug|iPhoneSimulator.ActiveCfg = Debug|Any CPU
		{7E35064C-81E2-476D-8F4E-AFCF9B6FF125}.Debug|iPhoneSimulator.Build.0 = Debug|Any CPU
		{7E35064C-81E2-476D-8F4E-AFCF9B6FF125}.Release|iPhoneSimulator.ActiveCfg = Release|Any CPU
		{7E35064C-81E2-476D-8F4E-AFCF9B6FF125}.Release|iPhoneSimulator.Build.0 = Release|Any CPU
		{7E35064C-81E2-476D-8F4E-AFCF9B6FF125}.Debug|iPhone.ActiveCfg = Debug|Any CPU
		{7E35064C-81E2-476D-8F4E-AFCF9B6FF125}.Debug|iPhone.Build.0 = Debug|Any CPU
		{7E35064C-81E2-476D-8F4E-AFCF9B6FF125}.Release|iPhone.ActiveCfg = Release|Any CPU
		{7E35064C-81E2-476D-8F4E-AFCF9B6FF125}.Release|iPhone.Build.0 = Release|Any CPU
		{1D11266F-667E-45E0-B89A-F6516CC82EFB}.Debug|Any CPU.ActiveCfg = Debug|iPhoneSimulator
		{1D11266F-667E-45E0-B89A-F6516CC82EFB}.Debug|Any CPU.Build.0 = Debug|iPhoneSimulator
		{1D11266F-667E-45E0-B89A-F6516CC82EFB}.Release|Any CPU.ActiveCfg = Release|iPhoneSimulator
		{1D11266F-667E-45E0-B89A-F6516CC82EFB}.Release|Any CPU.Build.0 = Release|iPhoneSimulator
		{1D11266F-667E-45E0-B89A-F6516CC82EFB}.Debug|iPhoneSimulator.ActiveCfg = Debug|iPhoneSimulator
		{1D11266F-667E-45E0-B89A-F6516CC82EFB}.Debug|iPhoneSimulator.Build.0 = Debug|iPhoneSimulator
		{1D11266F-667E-45E0-B89A-F6516CC82EFB}.Release|iPhoneSimulator.ActiveCfg = Release|iPhoneSimulator
		{1D11266F-667E-45E0-B89A-F6516CC82EFB}.Release|iPhoneSimulator.Build.0 = Release|iPhoneSimulator
		{1D11266F-667E-45E0-B89A-F6516CC82EFB}.Debug|iPhone.ActiveCfg = Debug|iPhone
		{1D11266F-667E-45E0-B89A-F6516CC82EFB}.Debug|iPhone.Build.0 = Debug|iPhone
		{1D11266F-667E-45E0-B89A-F6516CC82EFB}.Release|iPhone.ActiveCfg = Release|iPhone
		{1D11266F-667E-45E0-B89A-F6516CC82EFB}.Release|iPhone.Build.0 = Release|iPhone
		{38405824-66AC-404D-A177-74CB4DD7E6B0}.Debug|Any CPU.ActiveCfg = Debug|Any CPU
		{38405824-66AC-404D-A177-74CB4DD7E6B0}.Debug|Any CPU.Build.0 = Debug|Any CPU
		{38405824-66AC-404D-A177-74CB4DD7E6B0}.Release|Any CPU.ActiveCfg = Release|Any CPU
		{38405824-66AC-404D-A177-74CB4DD7E6B0}.Release|Any CPU.Build.0 = Release|Any CPU
		{38405824-66AC-404D-A177-74CB4DD7E6B0}.Debug|iPhoneSimulator.ActiveCfg = Debug|Any CPU
		{38405824-66AC-404D-A177-74CB4DD7E6B0}.Debug|iPhoneSimulator.Build.0 = Debug|Any CPU
		{38405824-66AC-404D-A177-74CB4DD7E6B0}.Release|iPhoneSimulator.ActiveCfg = Release|Any CPU
		{38405824-66AC-404D-A177-74CB4DD7E6B0}.Release|iPhoneSimulator.Build.0 = Release|Any CPU
		{38405824-66AC-404D-A177-74CB4DD7E6B0}.Debug|iPhone.ActiveCfg = Debug|Any CPU
		{38405824-66AC-404D-A177-74CB4DD7E6B0}.Debug|iPhone.Build.0 = Debug|Any CPU
		{38405824-66AC-404D-A177-74CB4DD7E6B0}.Release|iPhone.ActiveCfg = Release|Any CPU
		{38405824-66AC-404D-A177-74CB4DD7E6B0}.Release|iPhone.Build.0 = Release|Any CPU
	EndGlobalSection
EndGlobal
